<Solution>
  <Project Path="NeoInvest.DbMigrator/NeoInvest.DbMigrator.csproj" Id="619e7e75-d9b7-45c7-b7aa-56fb9371ebbe" />
  <Project Path="NeoInvest.Identity/NeoInvest.Identity.csproj" />
  <Project Path="NeoInvest.ServiceDefaults/NeoInvest.ServiceDefaults.csproj" Id="75cccc58-0631-4630-83e3-390d16777a24" />
  <Project Path="NeoInvest.WalletService.Tests/NeoInvest.WalletService.Tests.csproj" Id="bd15cc48-8dd8-425a-b9aa-59f97a457496" />
  <Project Path="NeoInvest.WalletService/NeoInvest.WalletService.csproj" />
  <Project Path="NeoInvestHost/NeoInvestHost.csproj" Id="1c8bb5f9-5f5e-40e8-b20a-1b11eb0f6841" />
</Solution>
